
Microsoft Visual Studio Solution File, Format Version 12.00
# Visual Studio Version 16
VisualStudioVersion = 16.0.29418.71
MinimumVisualStudioVersion = 10.0.40219.1
Project("{9A19103F-16F7-4668-BE54-9A1E7A4F7556}") = "SweetMapper", "SweetMapper\SweetMapper.csproj", "{03E7DD89-486C-492D-A6EA-81B686B4BE21}"
EndProject
Project("{FAE04EC0-301F-11D3-BF4B-00C04F79EFBC}") = "SweetMapperTests", "SweetMapperTests\SweetMapperTests.csproj", "{4140065F-71FA-472A-987D-F529DD42A926}"
EndProject
Global
	GlobalSection(SolutionConfigurationPlatforms) = preSolution
		Debug|Any CPU = Debug|Any CPU
		Release|Any CPU = Release|Any CPU
	EndGlobalSection
	GlobalSection(ProjectConfigurationPlatforms) = postSolution
		{03E7DD89-486C-492D-A6EA-81B686B4BE21}.Debug|Any CPU.ActiveCfg = Debug|Any CPU
		{03E7DD89-486C-492D-A6EA-81B686B4BE21}.Debug|Any CPU.Build.0 = Debug|Any CPU
		{03E7DD89-486C-492D-A6EA-81B686B4BE21}.Release|Any CPU.ActiveCfg = Release|Any CPU
		{03E7DD89-486C-492D-A6EA-81B686B4BE21}.Release|Any CPU.Build.0 = Release|Any CPU
		{4140065F-71FA-472A-987D-F529DD42A926}.Debug|Any CPU.ActiveCfg = Debug|Any CPU
		{4140065F-71FA-472A-987D-F529DD42A926}.Debug|Any CPU.Build.0 = Debug|Any CPU
		{4140065F-71FA-472A-987D-F529DD42A926}.Release|Any CPU.ActiveCfg = Release|Any CPU
		{4140065F-71FA-472A-987D-F529DD42A926}.Release|Any CPU.Build.0 = Release|Any CPU
	EndGlobalSection
	GlobalSection(SolutionProperties) = preSolution
		HideSolutionNode = FALSE
	EndGlobalSection
	GlobalSection(ExtensibilityGlobals) = postSolution
		SolutionGuid = {B0987141-FF08-4EB0-8941-10CB628051FE}
	EndGlobalSection
EndGlobal
